
Microsoft Visual Studio Solution File, Format Version 12.00
# Visual Studio 2012
Project("{FAE04EC0-301F-11D3-BF4B-00C04F79EFBC}") = "RExec.Host", "RExec.Host\RExec.Host.csproj", "{93D86A98-3513-409A-9380-C0F6730018E1}"
EndProject
Project("{FAE04EC0-301F-11D3-BF4B-00C04F79EFBC}") = "RExec.Dispatcher.Service", "RExec.Dispatcher.Service\RExec.Dispatcher.Service.csproj", "{92EF76E0-E8BF-4AB0-8B20-24E7FD06812C}"
EndProject
Project("{FAE04EC0-301F-11D3-BF4B-00C04F79EFBC}") = "RExec.Dispatcher.Contracts", "RExec.Dispatcher.Contracts\RExec.Dispatcher.Contracts.csproj", "{7A372542-5227-4289-B0C2-8D7E9067C8FB}"
EndProject
Project("{FAE04EC0-301F-11D3-BF4B-00C04F79EFBC}") = "RExec.ClientProxy", "RExec.ClientProxy\RExec.ClientProxy.csproj", "{3C444689-2940-4974-AE85-70EB4AC2820D}"
EndProject
Project("{FAE04EC0-301F-11D3-BF4B-00C04F79EFBC}") = "RExec.Client", "RExec.Client\RExec.Client.csproj", "{9E294343-F04F-4571-AFD3-9919942DC4B9}"
EndProject
Project("{FAE04EC0-301F-11D3-BF4B-00C04F79EFBC}") = "Instructions.Reference.Host", "Instructions.Reference.Host\Instructions.Reference.Host.csproj", "{854859BA-C271-46E1-84BE-5A12AFCDEC30}"
EndProject
Project("{FAE04EC0-301F-11D3-BF4B-00C04F79EFBC}") = "Instructions.Reference.Host.Dependency", "Instructions.Reference.Host.Dependency\Instructions.Reference.Host.Dependency.csproj", "{4B163CDD-3C89-4A30-B7C9-C42D349A00E9}"
EndProject
Project("{FAE04EC0-301F-11D3-BF4B-00C04F79EFBC}") = "Instructions.Reference.Client", "Instructions.Reference.Client\Instructions.Reference.Client.csproj", "{93A2B703-C534-4957-AF3A-746B7FF99CE1}"
EndProject
Project("{FAE04EC0-301F-11D3-BF4B-00C04F79EFBC}") = "Instructions.Reference.Client.Dependency", "Instructions.Reference.Client.Dependency\Instructions.Reference.Client.Dependency.csproj", "{88E16510-402C-4E04-BC09-836D7E4F7506}"
EndProject
Global
	GlobalSection(SolutionConfigurationPlatforms) = preSolution
		Debug|Any CPU = Debug|Any CPU
		Debug|Mixed Platforms = Debug|Mixed Platforms
		Debug|x86 = Debug|x86
		Release|Any CPU = Release|Any CPU
		Release|Mixed Platforms = Release|Mixed Platforms
		Release|x86 = Release|x86
	EndGlobalSection
	GlobalSection(ProjectConfigurationPlatforms) = postSolution
		{93D86A98-3513-409A-9380-C0F6730018E1}.Debug|Any CPU.ActiveCfg = Debug|Any CPU
		{93D86A98-3513-409A-9380-C0F6730018E1}.Debug|Any CPU.Build.0 = Debug|Any CPU
		{93D86A98-3513-409A-9380-C0F6730018E1}.Debug|Mixed Platforms.ActiveCfg = Debug|Any CPU
		{93D86A98-3513-409A-9380-C0F6730018E1}.Debug|Mixed Platforms.Build.0 = Debug|Any CPU
		{93D86A98-3513-409A-9380-C0F6730018E1}.Debug|x86.ActiveCfg = Debug|Any CPU
		{93D86A98-3513-409A-9380-C0F6730018E1}.Release|Any CPU.ActiveCfg = Release|Any CPU
		{93D86A98-3513-409A-9380-C0F6730018E1}.Release|Any CPU.Build.0 = Release|Any CPU
		{93D86A98-3513-409A-9380-C0F6730018E1}.Release|Mixed Platforms.ActiveCfg = Release|Any CPU
		{93D86A98-3513-409A-9380-C0F6730018E1}.Release|Mixed Platforms.Build.0 = Release|Any CPU
		{93D86A98-3513-409A-9380-C0F6730018E1}.Release|x86.ActiveCfg = Release|Any CPU
		{92EF76E0-E8BF-4AB0-8B20-24E7FD06812C}.Debug|Any CPU.ActiveCfg = Debug|Any CPU
		{92EF76E0-E8BF-4AB0-8B20-24E7FD06812C}.Debug|Any CPU.Build.0 = Debug|Any CPU
		{92EF76E0-E8BF-4AB0-8B20-24E7FD06812C}.Debug|Mixed Platforms.ActiveCfg = Debug|Any CPU
		{92EF76E0-E8BF-4AB0-8B20-24E7FD06812C}.Debug|Mixed Platforms.Build.0 = Debug|Any CPU
		{92EF76E0-E8BF-4AB0-8B20-24E7FD06812C}.Debug|x86.ActiveCfg = Debug|Any CPU
		{92EF76E0-E8BF-4AB0-8B20-24E7FD06812C}.Release|Any CPU.ActiveCfg = Release|Any CPU
		{92EF76E0-E8BF-4AB0-8B20-24E7FD06812C}.Release|Any CPU.Build.0 = Release|Any CPU
		{92EF76E0-E8BF-4AB0-8B20-24E7FD06812C}.Release|Mixed Platforms.ActiveCfg = Release|Any CPU
		{92EF76E0-E8BF-4AB0-8B20-24E7FD06812C}.Release|Mixed Platforms.Build.0 = Release|Any CPU
		{92EF76E0-E8BF-4AB0-8B20-24E7FD06812C}.Release|x86.ActiveCfg = Release|Any CPU
		{7A372542-5227-4289-B0C2-8D7E9067C8FB}.Debug|Any CPU.ActiveCfg = Debug|Any CPU
		{7A372542-5227-4289-B0C2-8D7E9067C8FB}.Debug|Any CPU.Build.0 = Debug|Any CPU
		{7A372542-5227-4289-B0C2-8D7E9067C8FB}.Debug|Mixed Platforms.ActiveCfg = Debug|Any CPU
		{7A372542-5227-4289-B0C2-8D7E9067C8FB}.Debug|Mixed Platforms.Build.0 = Debug|Any CPU
		{7A372542-5227-4289-B0C2-8D7E9067C8FB}.Debug|x86.ActiveCfg = Debug|Any CPU
		{7A372542-5227-4289-B0C2-8D7E9067C8FB}.Release|Any CPU.ActiveCfg = Release|Any CPU
		{7A372542-5227-4289-B0C2-8D7E9067C8FB}.Release|Any CPU.Build.0 = Release|Any CPU
		{7A372542-5227-4289-B0C2-8D7E9067C8FB}.Release|Mixed Platforms.ActiveCfg = Release|Any CPU
		{7A372542-5227-4289-B0C2-8D7E9067C8FB}.Release|Mixed Platforms.Build.0 = Release|Any CPU
		{7A372542-5227-4289-B0C2-8D7E9067C8FB}.Release|x86.ActiveCfg = Release|Any CPU
		{3C444689-2940-4974-AE85-70EB4AC2820D}.Debug|Any CPU.ActiveCfg = Debug|Any CPU
		{3C444689-2940-4974-AE85-70EB4AC2820D}.Debug|Any CPU.Build.0 = Debug|Any CPU
		{3C444689-2940-4974-AE85-70EB4AC2820D}.Debug|Mixed Platforms.ActiveCfg = Debug|Any CPU
		{3C444689-2940-4974-AE85-70EB4AC2820D}.Debug|Mixed Platforms.Build.0 = Debug|Any CPU
		{3C444689-2940-4974-AE85-70EB4AC2820D}.Debug|x86.ActiveCfg = Debug|Any CPU
		{3C444689-2940-4974-AE85-70EB4AC2820D}.Release|Any CPU.ActiveCfg = Release|Any CPU
		{3C444689-2940-4974-AE85-70EB4AC2820D}.Release|Any CPU.Build.0 = Release|Any CPU
		{3C444689-2940-4974-AE85-70EB4AC2820D}.Release|Mixed Platforms.ActiveCfg = Release|Any CPU
		{3C444689-2940-4974-AE85-70EB4AC2820D}.Release|Mixed Platforms.Build.0 = Release|Any CPU
		{3C444689-2940-4974-AE85-70EB4AC2820D}.Release|x86.ActiveCfg = Release|Any CPU
		{9E294343-F04F-4571-AFD3-9919942DC4B9}.Debug|Any CPU.ActiveCfg = Debug|Any CPU
		{9E294343-F04F-4571-AFD3-9919942DC4B9}.Debug|Any CPU.Build.0 = Debug|Any CPU
		{9E294343-F04F-4571-AFD3-9919942DC4B9}.Debug|Mixed Platforms.ActiveCfg = Debug|Any CPU
		{9E294343-F04F-4571-AFD3-9919942DC4B9}.Debug|Mixed Platforms.Build.0 = Debug|Any CPU
		{9E294343-F04F-4571-AFD3-9919942DC4B9}.Debug|x86.ActiveCfg = Debug|Any CPU
		{9E294343-F04F-4571-AFD3-9919942DC4B9}.Release|Any CPU.ActiveCfg = Release|Any CPU
		{9E294343-F04F-4571-AFD3-9919942DC4B9}.Release|Any CPU.Build.0 = Release|Any CPU
		{9E294343-F04F-4571-AFD3-9919942DC4B9}.Release|Mixed Platforms.ActiveCfg = Release|Any CPU
		{9E294343-F04F-4571-AFD3-9919942DC4B9}.Release|Mixed Platforms.Build.0 = Release|Any CPU
		{9E294343-F04F-4571-AFD3-9919942DC4B9}.Release|x86.ActiveCfg = Release|Any CPU
		{854859BA-C271-46E1-84BE-5A12AFCDEC30}.Debug|Any CPU.ActiveCfg = Debug|Any CPU
		{854859BA-C271-46E1-84BE-5A12AFCDEC30}.Debug|Any CPU.Build.0 = Debug|Any CPU
		{854859BA-C271-46E1-84BE-5A12AFCDEC30}.Debug|Mixed Platforms.ActiveCfg = Debug|Any CPU
		{854859BA-C271-46E1-84BE-5A12AFCDEC30}.Debug|Mixed Platforms.Build.0 = Debug|Any CPU
		{854859BA-C271-46E1-84BE-5A12AFCDEC30}.Debug|x86.ActiveCfg = Debug|Any CPU
		{854859BA-C271-46E1-84BE-5A12AFCDEC30}.Release|Any CPU.ActiveCfg = Release|Any CPU
		{854859BA-C271-46E1-84BE-5A12AFCDEC30}.Release|Any CPU.Build.0 = Release|Any CPU
		{854859BA-C271-46E1-84BE-5A12AFCDEC30}.Release|Mixed Platforms.ActiveCfg = Release|Any CPU
		{854859BA-C271-46E1-84BE-5A12AFCDEC30}.Release|Mixed Platforms.Build.0 = Release|Any CPU
		{854859BA-C271-46E1-84BE-5A12AFCDEC30}.Release|x86.ActiveCfg = Release|Any CPU
		{4B163CDD-3C89-4A30-B7C9-C42D349A00E9}.Debug|Any CPU.ActiveCfg = Debug|Any CPU
		{4B163CDD-3C89-4A30-B7C9-C42D349A00E9}.Debug|Any CPU.Build.0 = Debug|Any CPU
		{4B163CDD-3C89-4A30-B7C9-C42D349A00E9}.Debug|Mixed Platforms.ActiveCfg = Debug|Any CPU
		{4B163CDD-3C89-4A30-B7C9-C42D349A00E9}.Debug|Mixed Platforms.Build.0 = Debug|Any CPU
		{4B163CDD-3C89-4A30-B7C9-C42D349A00E9}.Debug|x86.ActiveCfg = Debug|Any CPU
		{4B163CDD-3C89-4A30-B7C9-C42D349A00E9}.Release|Any CPU.ActiveCfg = Release|Any CPU
		{4B163CDD-3C89-4A30-B7C9-C42D349A00E9}.Release|Any CPU.Build.0 = Release|Any CPU
		{4B163CDD-3C89-4A30-B7C9-C42D349A00E9}.Release|Mixed Platforms.ActiveCfg = Release|Any CPU
		{4B163CDD-3C89-4A30-B7C9-C42D349A00E9}.Release|Mixed Platforms.Build.0 = Release|Any CPU
		{4B163CDD-3C89-4A30-B7C9-C42D349A00E9}.Release|x86.ActiveCfg = Release|Any CPU
		{93A2B703-C534-4957-AF3A-746B7FF99CE1}.Debug|Any CPU.ActiveCfg = Debug|Any CPU
		{93A2B703-C534-4957-AF3A-746B7FF99CE1}.Debug|Any CPU.Build.0 = Debug|Any CPU
		{93A2B703-C534-4957-AF3A-746B7FF99CE1}.Debug|Mixed Platforms.ActiveCfg = Debug|Any CPU
		{93A2B703-C534-4957-AF3A-746B7FF99CE1}.Debug|Mixed Platforms.Build.0 = Debug|Any CPU
		{93A2B703-C534-4957-AF3A-746B7FF99CE1}.Debug|x86.ActiveCfg = Debug|Any CPU
		{93A2B703-C534-4957-AF3A-746B7FF99CE1}.Release|Any CPU.ActiveCfg = Release|Any CPU
		{93A2B703-C534-4957-AF3A-746B7FF99CE1}.Release|Any CPU.Build.0 = Release|Any CPU
		{93A2B703-C534-4957-AF3A-746B7FF99CE1}.Release|Mixed Platforms.ActiveCfg = Release|Any CPU
		{93A2B703-C534-4957-AF3A-746B7FF99CE1}.Release|Mixed Platforms.Build.0 = Release|Any CPU
		{93A2B703-C534-4957-AF3A-746B7FF99CE1}.Release|x86.ActiveCfg = Release|Any CPU
		{88E16510-402C-4E04-BC09-836D7E4F7506}.Debug|Any CPU.ActiveCfg = Debug|Any CPU
		{88E16510-402C-4E04-BC09-836D7E4F7506}.Debug|Any CPU.Build.0 = Debug|Any CPU
		{88E16510-402C-4E04-BC09-836D7E4F7506}.Debug|Mixed Platforms.ActiveCfg = Debug|Any CPU
		{88E16510-402C-4E04-BC09-836D7E4F7506}.Debug|Mixed Platforms.Build.0 = Debug|Any CPU
		{88E16510-402C-4E04-BC09-836D7E4F7506}.Debug|x86.ActiveCfg = Debug|Any CPU
		{88E16510-402C-4E04-BC09-836D7E4F7506}.Release|Any CPU.ActiveCfg = Release|Any CPU
		{88E16510-402C-4E04-BC09-836D7E4F7506}.Release|Any CPU.Build.0 = Release|Any CPU
		{88E16510-402C-4E04-BC09-836D7E4F7506}.Release|Mixed Platforms.ActiveCfg = Release|Any CPU
		{88E16510-402C-4E04-BC09-836D7E4F7506}.Release|Mixed Platforms.Build.0 = Release|Any CPU
		{88E16510-402C-4E04-BC09-836D7E4F7506}.Release|x86.ActiveCfg = Release|Any CPU
	EndGlobalSection
	GlobalSection(SolutionProperties) = preSolution
		HideSolutionNode = FALSE
	EndGlobalSection
EndGlobal
